// !$*UTF8*$!
{
	archiveVersion = 1;
	classes = {
	};
	objectVersion = 50;
	objects = {

/* Begin PBXBuildFile section */
		C41B4199215371AA005BEE33 /* AppDelegate.swift in Sources */ = {isa = PBXBuildFile; fileRef = C41B4198215371AA005BEE33 /* AppDelegate.swift */; };
		C41B419B215371AA005BEE33 /* ViewController.swift in Sources */ = {isa = PBXBuildFile; fileRef = C41B419A215371AA005BEE33 /* ViewController.swift */; };
		C41B419E215371AA005BEE33 /* Main.storyboard in Resources */ = {isa = PBXBuildFile; fileRef = C41B419C215371AA005BEE33 /* Main.storyboard */; };
		C41B41A0215371AB005BEE33 /* Assets.xcassets in Resources */ = {isa = PBXBuildFile; fileRef = C41B419F215371AB005BEE33 /* Assets.xcassets */; };
		C41B41A3215371AB005BEE33 /* LaunchScreen.storyboard in Resources */ = {isa = PBXBuildFile; fileRef = C41B41A1215371AB005BEE33 /* LaunchScreen.storyboard */; };
		C41B41AB2153791E005BEE33 /* EnglishViewController.swift in Sources */ = {isa = PBXBuildFile; fileRef = C41B41AA2153791E005BEE33 /* EnglishViewController.swift */; };
		C41B41AE21537D63005BEE33 /* if_previous_308957.png in Resources */ = {isa = PBXBuildFile; fileRef = C41B41AC21537D63005BEE33 /* if_previous_308957.png */; };
		C41B41AF21537D63005BEE33 /* if_next_308956.png in Resources */ = {isa = PBXBuildFile; fileRef = C41B41AD21537D63005BEE33 /* if_next_308956.png */; };
		C41B41B121537E25005BEE33 /* tobias-van-schneider-230167-unsplash.jpg in Resources */ = {isa = PBXBuildFile; fileRef = C41B41B021537E25005BEE33 /* tobias-van-schneider-230167-unsplash.jpg */; };
		C41B41B421537F6E005BEE33 /* if_1_1_387516.png in Resources */ = {isa = PBXBuildFile; fileRef = C41B41B221537F6E005BEE33 /* if_1_1_387516.png */; };
		C41B41B521537F6E005BEE33 /* if_1_2_387517.png in Resources */ = {isa = PBXBuildFile; fileRef = C41B41B321537F6E005BEE33 /* if_1_2_387517.png */; };
		C41B41B7215382DB005BEE33 /* MyClass.swift in Sources */ = {isa = PBXBuildFile; fileRef = C41B41B6215382DB005BEE33 /* MyClass.swift */; };
/* End PBXBuildFile section */

/* Begin PBXFileReference section */
		C41B4195215371AA005BEE33 /* NumberFunny_20Sep18.app */ = {isa = PBXFileReference; explicitFileType = wrapper.application; includeInIndex = 0; path = NumberFunny_20Sep18.app; sourceTree = BUILT_PRODUCTS_DIR; };
		C41B4198215371AA005BEE33 /* AppDelegate.swift */ = {isa = PBXFileReference; lastKnownFileType = sourcecode.swift; path = AppDelegate.swift; sourceTree = "<group>"; };
		C41B419A215371AA005BEE33 /* ViewController.swift */ = {isa = PBXFileReference; lastKnownFileType = sourcecode.swift; path = ViewController.swift; sourceTree = "<group>"; };
		C41B419D215371AA005BEE33 /* Base */ = {isa = PBXFileReference; lastKnownFileType = file.storyboard; name = Base; path = Base.lproj/Main.storyboard; sourceTree = "<group>"; };
		C41B419F215371AB005BEE33 /* Assets.xcassets */ = {isa = PBXFileReference; lastKnownFileType = folder.assetcatalog; path = Assets.xcassets; sourceTree = "<group>"; };
		C41B41A2215371AB005BEE33 /* Base */ = {isa = PBXFileReference; lastKnownFileType = file.storyboard; name = Base; path = Base.lproj/LaunchScreen.storyboard; sourceTree = "<group>"; };
		C41B41A4215371AB005BEE33 /* Info.plist */ = {isa = PBXFileReference; lastKnownFileType = text.plist.xml; path = Info.plist; sourceTree = "<group>"; };
		C41B41AA2153791E005BEE33 /* EnglishViewController.swift */ = {isa = PBXFileReference; lastKnownFileType = sourcecode.swift; path = EnglishViewController.swift; sourceTree = "<group>"; };
		C41B41AC21537D63005BEE33 /* if_previous_308957.png */ = {isa = PBXFileReference; lastKnownFileType = image.png; path = if_previous_308957.png; sourceTree = "<group>"; };
		C41B41AD21537D63005BEE33 /* if_next_308956.png */ = {isa = PBXFileReference; lastKnownFileType = image.png; path = if_next_308956.png; sourceTree = "<group>"; };
		C41B41B021537E25005BEE33 /* tobias-van-schneider-230167-unsplash.jpg */ = {isa = PBXFileReference; lastKnownFileType = image.jpeg; path = "tobias-van-schneider-230167-unsplash.jpg"; sourceTree = "<group>"; };
		C41B41B221537F6E005BEE33 /* if_1_1_387516.png */ = {isa = PBXFileReference; lastKnownFileType = image.png; path = if_1_1_387516.png; sourceTree = "<group>"; };
		C41B41B321537F6E005BEE33 /* if_1_2_387517.png */ = {isa = PBXFileReference; lastKnownFileType = image.png; path = if_1_2_387517.png; sourceTree = "<group>"; };
		C41B41B6215382DB005BEE33 /* MyClass.swift */ = {isa = PBXFileReference; lastKnownFileType = sourcecode.swift; path = MyClass.swift; sourceTree = "<group>"; };
/* End PBXFileReference section */

/* Begin PBXFrameworksBuildPhase section */
		C41B4192215371AA005BEE33 /* Frameworks */ = {
			isa = PBXFrameworksBuildPhase;
			buildActionMask = 2147483647;
			files = (
			);
			runOnlyForDeploymentPostprocessing = 0;
		};
/* End PBXFrameworksBuildPhase section */

/* Begin PBXGroup section */
		C41B418C215371AA005BEE33 = {
			isa = PBXGroup;
			children = (
				C41B4197215371AA005BEE33 /* NumberFunny_20Sep18 */,
				C41B4196215371AA005BEE33 /* Products */,
			);
			sourceTree = "<group>";
		};
		C41B4196215371AA005BEE33 /* Products */ = {
			isa = PBXGroup;
			children = (
				C41B4195215371AA005BEE33 /* NumberFunny_20Sep18.app */,
			);
			name = Products;
			sourceTree = "<group>";
		};
		C41B4197215371AA005BEE33 /* NumberFunny_20Sep18 */ = {
			isa = PBXGroup;
			children = (
				C41B4198215371AA005BEE33 /* AppDelegate.swift */,
				C41B419A215371AA005BEE33 /* ViewController.swift */,
				C41B41B221537F6E005BEE33 /* if_1_1_387516.png */,
				C41B41B321537F6E005BEE33 /* if_1_2_387517.png */,
				C41B41B021537E25005BEE33 /* tobias-van-schneider-230167-unsplash.jpg */,
				C41B41AD21537D63005BEE33 /* if_next_308956.png */,
				C41B41AC21537D63005BEE33 /* if_previous_308957.png */,
				C41B419C215371AA005BEE33 /* Main.storyboard */,
				C41B41B6215382DB005BEE33 /* MyClass.swift */,
				C41B41AA2153791E005BEE33 /* EnglishViewController.swift */,
				C41B419F215371AB005BEE33 /* Assets.xcassets */,
				C41B41A1215371AB005BEE33 /* LaunchScreen.storyboard */,
				C41B41A4215371AB005BEE33 /* Info.plist */,
			);
			path = NumberFunny_20Sep18;
			sourceTree = "<group>";
		};
/* End PBXGroup section */

/* Begin PBXNativeTarget section */
		C41B4194215371AA005BEE33 /* NumberFunny_20Sep18 */ = {
			isa = PBXNativeTarget;
			buildConfigurationList = C41B41A7215371AB005BEE33 /* Build configuration list for PBXNativeTarget "NumberFunny_20Sep18" */;
			buildPhases = (
				C41B4191215371AA005BEE33 /* Sources */,
				C41B4192215371AA005BEE33 /* Frameworks */,
				C41B4193215371AA005BEE33 /* Resources */,
			);
			buildRules = (
			);
			dependencies = (
			);
			name = NumberFunny_20Sep18;
			productName = NumberFunny_20Sep18;
			productReference = C41B4195215371AA005BEE33 /* NumberFunny_20Sep18.app */;
			productType = "com.apple.product-type.application";
		};
/* End PBXNativeTarget section */

/* Begin PBXProject section */
		C41B418D215371AA005BEE33 /* Project object */ = {
			isa = PBXProject;
			attributes = {
				LastSwiftUpdateCheck = 1000;
				LastUpgradeCheck = 1000;
				ORGANIZATIONNAME = MasterUNG;
				TargetAttributes = {
					C41B4194215371AA005BEE33 = {
						CreatedOnToolsVersion = 10.0;
					};
				};
			};
			buildConfigurationList = C41B4190215371AA005BEE33 /* Build configuration list for PBXProject "NumberFunny_20Sep18" */;
			compatibilityVersion = "Xcode 9.3";
			developmentRegion = en;
			hasScannedForEncodings = 0;
			knownRegions = (
				en,
				Base,
			);
			mainGroup = C41B418C215371AA005BEE33;
			productRefGroup = C41B4196215371AA005BEE33 /* Products */;
			projectDirPath = "";
			projectRoot = "";
			targets = (
				C41B4194215371AA005BEE33 /* NumberFunny_20Sep18 */,
			);
		};
/* End PBXProject section */

/* Begin PBXResourcesBuildPhase section */
		C41B4193215371AA005BEE33 /* Resources */ = {
			isa = PBXResourcesBuildPhase;
			buildActionMask = 2147483647;
			files = (
				C41B41AF21537D63005BEE33 /* if_next_308956.png in Resources */,
				C41B41A3215371AB005BEE33 /* LaunchScreen.storyboard in Resources */,
				C41B41B521537F6E005BEE33 /* if_1_2_387517.png in Resources */,
				C41B41A0215371AB005BEE33 /* Assets.xcassets in Resources */,
				C41B419E215371AA005BEE33 /* Main.storyboard in Resources */,
				C41B41B121537E25005BEE33 /* tobias-van-schneider-230167-unsplash.jpg in Resources */,
				C41B41AE21537D63005BEE33 /* if_previous_308957.png in Resources */,
				C41B41B421537F6E005BEE33 /* if_1_1_387516.png in Resources */,
			);
			runOnlyForDeploymentPostprocessing = 0;
		};
/* End PBXResourcesBuildPhase section */

/* Begin PBXSourcesBuildPhase section */
		C41B4191215371AA005BEE33 /* Sources */ = {
			isa = PBXSourcesBuildPhase;
			buildActionMask = 2147483647;
			files = (
				C41B41B7215382DB005BEE33 /* MyClass.swift in Sources */,
				C41B41AB2153791E005BEE33 /* EnglishViewController.swift in Sources */,
				C41B419B215371AA005BEE33 /* ViewController.swift in Sources */,
				C41B4199215371AA005BEE33 /* AppDelegate.swift in Sources */,
			);
			runOnlyForDeploymentPostprocessing = 0;
		};
/* End PBXSourcesBuildPhase section */

/* Begin PBXVariantGroup section */
		C41B419C215371AA005BEE33 /* Main.storyboard */ = {
			isa = PBXVariantGroup;
			children = (
				C41B419D215371AA005BEE33 /* Base */,
			);
			name = Main.storyboard;
			sourceTree = "<group>";
		};
		C41B41A1215371AB005BEE33 /* LaunchScreen.storyboard */ = {
			isa = PBXVariantGroup;
			children = (
				C41B41A2215371AB005BEE33 /* Base */,
			);
			name = LaunchScreen.storyboard;
			sourceTree = "<group>";
		};
/* End PBXVariantGroup section */

/* Begin XCBuildConfiguration section */
		C41B41A5215371AB005BEE33 /* Debug */ = {
			isa = XCBuildConfiguration;
			buildSettings = {
				ALWAYS_SEARCH_USER_PATHS = NO;
				CLANG_ANALYZER_NONNULL = YES;
				CLANG_ANALYZER_NUMBER_OBJECT_CONVERSION = YES_AGGRESSIVE;
				CLANG_CXX_LANGUAGE_STANDARD = "gnu++14";
				CLANG_CXX_LIBRARY = "libc++";
				CLANG_ENABLE_MODULES = YES;
				CLANG_ENABLE_OBJC_ARC = YES;
				CLANG_ENABLE_OBJC_WEAK = YES;
				CLANG_WARN_BLOCK_CAPTURE_AUTORELEASING = YES;
				CLANG_WARN_BOOL_CONVERSION = YES;
				CLANG_WARN_COMMA = YES;
				CLANG_WARN_CONSTANT_CONVERSION = YES;
				CLANG_WARN_DEPRECATED_OBJC_IMPLEMENTATIONS = YES;
				CLANG_WARN_DIRECT_OBJC_ISA_USAGE = YES_ERROR;
				CLANG_WARN_DOCUMENTATION_COMMENTS = YES;
				CLANG_WARN_EMPTY_BODY = YES;
				CLANG_WARN_ENUM_CONVERSION = YES;
				CLANG_WARN_INFINITE_RECURSION = YES;
				CLANG_WARN_INT_CONVERSION = YES;
				CLANG_WARN_NON_LITERAL_NULL_CONVERSION = YES;
				CLANG_WARN_OBJC_IMPLICIT_RETAIN_SELF = YES;
				CLANG_WARN_OBJC_LITERAL_CONVERSION = YES;
				CLANG_WARN_OBJC_ROOT_CLASS = YES_ERROR;
				CLANG_WARN_RANGE_LOOP_ANALYSIS = YES;
				CLANG_WARN_STRICT_PROTOTYPES = YES;
				CLANG_WARN_SUSPICIOUS_MOVE = YES;
				CLANG_WARN_UNGUARDED_AVAILABILITY = YES_AGGRESSIVE;
				CLANG_WARN_UNREACHABLE_CODE = YES;
				CLANG_WARN__DUPLICATE_METHOD_MATCH = YES;
				CODE_SIGN_IDENTITY = "iPhone Developer";
				COPY_PHASE_STRIP = NO;
				DEBUG_INFORMATION_FORMAT = dwarf;
				ENABLE_STRICT_OBJC_MSGSEND = YES;
				ENABLE_TESTABILITY = YES;
				GCC_C_LANGUAGE_STANDARD = gnu11;
				GCC_DYNAMIC_NO_PIC = NO;
				GCC_NO_COMMON_BLOCKS = YES;
				GCC_OPTIMIZATION_LEVEL = 0;
				GCC_PREPROCESSOR_DEFINITIONS = (
					"DEBUG=1",
					"$(inherited)",
				);
				GCC_WARN_64_TO_32_BIT_CONVERSION = YES;
				GCC_WARN_ABOUT_RETURN_TYPE = YES_ERROR;
				GCC_WARN_UNDECLARED_SELECTOR = YES;
				GCC_WARN_UNINITIALIZED_AUTOS = YES_AGGRESSIVE;
				GCC_WARN_UNUSED_FUNCTION = YES;
				GCC_WARN_UNUSED_VARIABLE = YES;
				IPHONEOS_DEPLOYMENT_TARGET = 12.0;
				MTL_ENABLE_DEBUG_INFO = INCLUDE_SOURCE;
				MTL_FAST_MATH = YES;
				ONLY_ACTIVE_ARCH = YES;
				SDKROOT = iphoneos;
				SWIFT_ACTIVE_COMPILATION_CONDITIONS = DEBUG;
				SWIFT_OPTIMIZATION_LEVEL = "-Onone";
			};
			name = Debug;
		};
		C41B41A6215371AB005BEE33 /* Release */ = {
			isa = XCBuildConfiguration;
			buildSettings = {
				ALWAYS_SEARCH_USER_PATHS = NO;
				CLANG_ANALYZER_NONNULL = YES;
				CLANG_ANALYZER_NUMBER_OBJECT_CONVERSION = YES_AGGRESSIVE;
				CLANG_CXX_LANGUAGE_STANDARD = "gnu++14";
				CLANG_CXX_LIBRARY = "libc++";
				CLANG_ENABLE_MODULES = YES;
				CLANG_ENABLE_OBJC_ARC = YES;
				CLANG_ENABLE_OBJC_WEAK = YES;
				CLANG_WARN_BLOCK_CAPTURE_AUTORELEASING = YES;
				CLANG_WARN_BOOL_CONVERSION = YES;
				CLANG_WARN_COMMA = YES;
				CLANG_WARN_CONSTANT_CONVERSION = YES;
				CLANG_WARN_DEPRECATED_OBJC_IMPLEMENTATIONS = YES;
				CLANG_WARN_DIRECT_OBJC_ISA_USAGE = YES_ERROR;
				CLANG_WARN_DOCUMENTATION_COMMENTS = YES;
				CLANG_WARN_EMPTY_BODY = YES;
				CLANG_WARN_ENUM_CONVERSION = YES;
				CLANG_WARN_INFINITE_RECURSION = YES;
				CLANG_WARN_INT_CONVERSION = YES;
				CLANG_WARN_NON_LITERAL_NULL_CONVERSION = YES;
				CLANG_WARN_OBJC_IMPLICIT_RETAIN_SELF = YES;
				CLANG_WARN_OBJC_LITERAL_CONVERSION = YES;
				CLANG_WARN_OBJC_ROOT_CLASS = YES_ERROR;
				CLANG_WARN_RANGE_LOOP_ANALYSIS = YES;
				CLANG_WARN_STRICT_PROTOTYPES = YES;
				CLANG_WARN_SUSPICIOUS_MOVE = YES;
				CLANG_WARN_UNGUARDED_AVAILABILITY = YES_AGGRESSIVE;
				CLANG_WARN_UNREACHABLE_CODE = YES;
				CLANG_WARN__DUPLICATE_METHOD_MATCH = YES;
				CODE_SIGN_IDENTITY = "iPhone Developer";
				COPY_PHASE_STRIP = NO;
				DEBUG_INFORMATION_FORMAT = "dwarf-with-dsym";
				ENABLE_NS_ASSERTIONS = NO;
				ENABLE_STRICT_OBJC_MSGSEND = YES;
				GCC_C_LANGUAGE_STANDARD = gnu11;
				GCC_NO_COMMON_BLOCKS = YES;
				GCC_WARN_64_TO_32_BIT_CONVERSION = YES;
				GCC_WARN_ABOUT_RETURN_TYPE = YES_ERROR;
				GCC_WARN_UNDECLARED_SELECTOR = YES;
				GCC_WARN_UNINITIALIZED_AUTOS = YES_AGGRESSIVE;
				GCC_WARN_UNUSED_FUNCTION = YES;
				GCC_WARN_UNUSED_VARIABLE = YES;
				IPHONEOS_DEPLOYMENT_TARGET = 12.0;
				MTL_ENABLE_DEBUG_INFO = NO;
				MTL_FAST_MATH = YES;
				SDKROOT = iphoneos;
				SWIFT_COMPILATION_MODE = wholemodule;
				SWIFT_OPTIMIZATION_LEVEL = "-O";
				VALIDATE_PRODUCT = YES;
			};
			name = Release;
		};
		C41B41A8215371AB005BEE33 /* Debug */ = {
			isa = XCBuildConfiguration;
			buildSettings = {
				ASSETCATALOG_COMPILER_APPICON_NAME = AppIcon;
				CODE_SIGN_STYLE = Automatic;
				INFOPLIST_FILE = NumberFunny_20Sep18/Info.plist;
				LD_RUNPATH_SEARCH_PATHS = (
					"$(inherited)",
					"@executable_path/Frameworks",
				);
				PRODUCT_BUNDLE_IDENTIFIER = "androidthai.in.th.NumberFunny-20Sep18";
				PRODUCT_NAME = "$(TARGET_NAME)";
				SWIFT_VERSION = 4.2;
				TARGETED_DEVICE_FAMILY = "1,2";
			};
			name = Debug;
		};
		C41B41A9215371AB005BEE33 /* Release */ = {
			isa = XCBuildConfiguration;
			buildSettings = {
				ASSETCATALOG_COMPILER_APPICON_NAME = AppIcon;
				CODE_SIGN_STYLE = Automatic;
				INFOPLIST_FILE = NumberFunny_20Sep18/Info.plist;
				LD_RUNPATH_SEARCH_PATHS = (
					"$(inherited)",
					"@executable_path/Frameworks",
				);
				PRODUCT_BUNDLE_IDENTIFIER = "androidthai.in.th.NumberFunny-20Sep18";
				PRODUCT_NAME = "$(TARGET_NAME)";
				SWIFT_VERSION = 4.2;
				TARGETED_DEVICE_FAMILY = "1,2";
			};
			name = Release;
		};
/* End XCBuildConfiguration section */

/* Begin XCConfigurationList section */
		C41B4190215371AA005BEE33 /* Build configuration list for PBXProject "NumberFunny_20Sep18" */ = {
			isa = XCConfigurationList;
			buildConfigurations = (
				C41B41A5215371AB005BEE33 /* Debug */,
				C41B41A6215371AB005BEE33 /* Release */,
			);
			defaultConfigurationIsVisible = 0;
			defaultConfigurationName = Release;
		};
		C41B41A7215371AB005BEE33 /* Build configuration list for PBXNativeTarget "NumberFunny_20Sep18" */ = {
			isa = XCConfigurationList;
			buildConfigurations = (
				C41B41A8215371AB005BEE33 /* Debug */,
				C41B41A9215371AB005BEE33 /* Release */,
			);
			defaultConfigurationIsVisible = 0;
			defaultConfigurationName = Release;
		};
/* End XCConfigurationList section */
	};
	rootObject = C41B418D215371AA005BEE33 /* Project object */;
}
